
Microsoft Visual Studio Solution File, Format Version 12.00
# Visual Studio Version 17
VisualStudioVersion = 17.13.35919.96
MinimumVisualStudioVersion = 10.0.40219.1
Project("{FAE04EC0-301F-11D3-BF4B-00C04F79EFBC}") = "TruthGate-Web", "TruthGate-Web\TruthGate-Web\TruthGate-Web.csproj", "{78B89CF6-D44F-4535-92BA-4123D3EA2D13}"
EndProject
Project("{FAE04EC0-301F-11D3-BF4B-00C04F79EFBC}") = "TruthGate-Web.Client", "TruthGate-Web\TruthGate-Web.Client\TruthGate-Web.Client.csproj", "{DF1A3393-CEB7-433F-92CF-A23730901B47}"
EndProject
Project("{FAE04EC0-301F-11D3-BF4B-00C04F79EFBC}") = "Publish.CLI", "Publish.CLI\Publish.CLI.csproj", "{C2DC8E1B-ED65-401F-A823-B870495B8D82}"
EndProject
Global
	GlobalSection(SolutionConfigurationPlatforms) = preSolution
		Debug|Any CPU = Debug|Any CPU
		Release|Any CPU = Release|Any CPU
	EndGlobalSection
	GlobalSection(ProjectConfigurationPlatforms) = postSolution
		{78B89CF6-D44F-4535-92BA-4123D3EA2D13}.Debug|Any CPU.ActiveCfg = Debug|Any CPU
		{78B89CF6-D44F-4535-92BA-4123D3EA2D13}.Debug|Any CPU.Build.0 = Debug|Any CPU
		{78B89CF6-D44F-4535-92BA-4123D3EA2D13}.Release|Any CPU.ActiveCfg = Release|Any CPU
		{78B89CF6-D44F-4535-92BA-4123D3EA2D13}.Release|Any CPU.Build.0 = Release|Any CPU
		{DF1A3393-CEB7-433F-92CF-A23730901B47}.Debug|Any CPU.ActiveCfg = Debug|Any CPU
		{DF1A3393-CEB7-433F-92CF-A23730901B47}.Debug|Any CPU.Build.0 = Debug|Any CPU
		{DF1A3393-CEB7-433F-92CF-A23730901B47}.Release|Any CPU.ActiveCfg = Release|Any CPU
		{DF1A3393-CEB7-433F-92CF-A23730901B47}.Release|Any CPU.Build.0 = Release|Any CPU
		{C2DC8E1B-ED65-401F-A823-B870495B8D82}.Debug|Any CPU.ActiveCfg = Debug|Any CPU
		{C2DC8E1B-ED65-401F-A823-B870495B8D82}.Debug|Any CPU.Build.0 = Debug|Any CPU
		{C2DC8E1B-ED65-401F-A823-B870495B8D82}.Release|Any CPU.ActiveCfg = Release|Any CPU
		{C2DC8E1B-ED65-401F-A823-B870495B8D82}.Release|Any CPU.Build.0 = Release|Any CPU
	EndGlobalSection
	GlobalSection(SolutionProperties) = preSolution
		HideSolutionNode = FALSE
	EndGlobalSection
	GlobalSection(ExtensibilityGlobals) = postSolution
		SolutionGuid = {50E9A4E5-3566-4595-AD7B-58AA404E5E34}
	EndGlobalSection
EndGlobal
